// !$*UTF8*$!
{
	archiveVersion = 1;
	classes = {
	};
	objectVersion = 39;
	objects = {
		014CEA4C0018CE3E11CA2923 = {
			buildSettings = {
				COPY_PHASE_STRIP = NO;
				GCC_DYNAMIC_NO_PIC = NO;
				GCC_ENABLE_FIX_AND_CONTINUE = YES;
				GCC_GENERATE_DEBUGGING_SYMBOLS = YES;
				GCC_OPTIMIZATION_LEVEL = 0;
				ZERO_LINK = YES;
			};
			isa = PBXBuildStyle;
			name = Development;
		};
		014CEA4D0018CE3E11CA2923 = {
			buildSettings = {
				COPY_PHASE_STRIP = YES;
				GCC_ENABLE_FIX_AND_CONTINUE = NO;
				ZERO_LINK = NO;
			};
			isa = PBXBuildStyle;
			name = Deployment;
		};
//010
//011
//012
//013
//014
//080
//081
//082
//083
//084
		08FB7793FE84155DC02AAC07 = {
			buildSettings = {
			};
			buildStyles = (
				014CEA4C0018CE3E11CA2923,
				014CEA4D0018CE3E11CA2923,
			);
			hasScannedForEncodings = 1;
			isa = PBXProject;
			mainGroup = 08FB7794FE84155DC02AAC07;
			projectDirPath = "";
			targets = (
				8DD76F840486A9BA00D96B5E,
			);
		};
		08FB7794FE84155DC02AAC07 = {
			children = (
				08FB7795FE84155DC02AAC07,
				08FB779DFE84155DC02AAC07,
				1A8B4A8EFE9D542A11CA2CBB,
			);
			isa = PBXGroup;
			name = mach_inject;
			refType = 4;
			sourceTree = "<group>";
		};
		08FB7795FE84155DC02AAC07 = {
			children = (
				79797DF807F62C5E00E7262E,
				79797DF907F62C5F00E7262E,
				08FB7796FE84155DC02AAC07,
			);
			isa = PBXGroup;
			name = Source;
			refType = 4;
			sourceTree = "<group>";
		};
		08FB7796FE84155DC02AAC07 = {
			fileEncoding = 4;
			isa = PBXFileReference;
			lastKnownFileType = sourcecode.c.c;
			path = main.c;
			refType = 4;
			sourceTree = "<group>";
		};
		08FB779DFE84155DC02AAC07 = {
			children = (
				097DBE83FE8419DDC02AAC07,
			);
			isa = PBXGroup;
			name = "External Frameworks and Libraries";
			refType = 4;
			sourceTree = "<group>";
		};
//080
//081
//082
//083
//084
//090
//091
//092
//093
//094
		097DBE83FE8419DDC02AAC07 = {
			isa = PBXFileReference;
			lastKnownFileType = wrapper.framework;
			name = CoreServices.framework;
			path = /System/Library/Frameworks/CoreServices.framework;
			refType = 0;
			sourceTree = "<absolute>";
		};
//090
//091
//092
//093
//094
//1A0
//1A1
//1A2
//1A3
//1A4
		1A8B4A8EFE9D542A11CA2CBB = {
			children = (
				8DD76F8E0486A9BA00D96B5E,
			);
			isa = PBXGroup;
			name = Products;
			refType = 4;
			sourceTree = "<group>";
		};
//1A0
//1A1
//1A2
//1A3
//1A4
//790
//791
//792
//793
//794
		79797DF807F62C5E00E7262E = {
			fileEncoding = 30;
			isa = PBXFileReference;
			lastKnownFileType = sourcecode.c.c;
			path = mach_inject.c;
			refType = 4;
			sourceTree = "<group>";
		};
		79797DF907F62C5F00E7262E = {
			fileEncoding = 30;
			isa = PBXFileReference;
			lastKnownFileType = sourcecode.c.h;
			path = mach_inject.h;
			refType = 4;
			sourceTree = "<group>";
		};
		79797DFA07F62C5F00E7262E = {
			fileRef = 79797DF807F62C5E00E7262E;
			isa = PBXBuildFile;
			settings = {
			};
		};
		79797DFB07F62C5F00E7262E = {
			fileRef = 79797DF907F62C5F00E7262E;
			isa = PBXBuildFile;
			settings = {
			};
		};
//790
//791
//792
//793
//794
//8D0
//8D1
//8D2
//8D3
//8D4
		8DD76F840486A9BA00D96B5E = {
			buildPhases = (
				8DD76F860486A9BA00D96B5E,
				8DD76F880486A9BA00D96B5E,
				8DD76F8B0486A9BA00D96B5E,
			);
			buildRules = (
			);
			buildSettings = {
				GCC_GENERATE_DEBUGGING_SYMBOLS = NO;
				INSTALL_PATH = "$(HOME)/bin";
				PRODUCT_NAME = mach_inject;
			};
			dependencies = (
			);
			isa = PBXNativeTarget;
			name = mach_inject;
			productInstallPath = "$(HOME)/bin";
			productName = mach_inject;
			productReference = 8DD76F8E0486A9BA00D96B5E;
			productType = "com.apple.product-type.tool";
		};
		8DD76F860486A9BA00D96B5E = {
			buildActionMask = 2147483647;
			files = (
				8DD76F870486A9BA00D96B5E,
				79797DFA07F62C5F00E7262E,
			);
			isa = PBXSourcesBuildPhase;
			runOnlyForDeploymentPostprocessing = 0;
		};
		8DD76F870486A9BA00D96B5E = {
			fileRef = 08FB7796FE84155DC02AAC07;
			isa = PBXBuildFile;
			settings = {
				ATTRIBUTES = (
				);
			};
		};
		8DD76F880486A9BA00D96B5E = {
			buildActionMask = 2147483647;
			files = (
				8DD76F890486A9BA00D96B5E,
			);
			isa = PBXFrameworksBuildPhase;
			runOnlyForDeploymentPostprocessing = 0;
		};
		8DD76F890486A9BA00D96B5E = {
			fileRef = 097DBE83FE8419DDC02AAC07;
			isa = PBXBuildFile;
			settings = {
			};
		};
		8DD76F8B0486A9BA00D96B5E = {
			buildActionMask = 8;
			dstPath = /usr/share/man/man1/;
			dstSubfolderSpec = 0;
			files = (
				79797DFB07F62C5F00E7262E,
			);
			isa = PBXCopyFilesBuildPhase;
			runOnlyForDeploymentPostprocessing = 1;
		};
		8DD76F8E0486A9BA00D96B5E = {
			explicitFileType = "compiled.mach-o.executable";
			includeInIndex = 0;
			isa = PBXFileReference;
			path = mach_inject;
			refType = 3;
			sourceTree = BUILT_PRODUCTS_DIR;
		};
	};
	rootObject = 08FB7793FE84155DC02AAC07;
}
